// !$*UTF8*$!
{
	archiveVersion = 1;
	classes = {
	};
	objectVersion = 50;
	objects = {

/* Begin PBXBuildFile section */
		E73F94DB2555663E005B0CC3 /* swiftUI_tutApp.swift in Sources */ = {isa = PBXBuildFile; fileRef = E73F94DA2555663E005B0CC3 /* swiftUI_tutApp.swift */; };
		E73F94DD2555663E005B0CC3 /* ContentView.swift in Sources */ = {isa = PBXBuildFile; fileRef = E73F94DC2555663E005B0CC3 /* ContentView.swift */; };
		E73F94DF2555663F005B0CC3 /* Assets.xcassets in Resources */ = {isa = PBXBuildFile; fileRef = E73F94DE2555663F005B0CC3 /* Assets.xcassets */; };
		E73F94E22555663F005B0CC3 /* Preview Assets.xcassets in Resources */ = {isa = PBXBuildFile; fileRef = E73F94E12555663F005B0CC3 /* Preview Assets.xcassets */; };
		E73F94ED2555663F005B0CC3 /* swiftUI_tutTests.swift in Sources */ = {isa = PBXBuildFile; fileRef = E73F94EC2555663F005B0CC3 /* swiftUI_tutTests.swift */; };
		E73F94F82555663F005B0CC3 /* swiftUI_tutUITests.swift in Sources */ = {isa = PBXBuildFile; fileRef = E73F94F72555663F005B0CC3 /* swiftUI_tutUITests.swift */; };
		E73F95092555CAAF005B0CC3 /* CircleImage.swift in Sources */ = {isa = PBXBuildFile; fileRef = E73F95082555CAAF005B0CC3 /* CircleImage.swift */; };
/* End PBXBuildFile section */

/* Begin PBXContainerItemProxy section */
		E73F94E92555663F005B0CC3 /* PBXContainerItemProxy */ = {
			isa = PBXContainerItemProxy;
			containerPortal = E73F94CF2555663E005B0CC3 /* Project object */;
			proxyType = 1;
			remoteGlobalIDString = E73F94D62555663E005B0CC3;
			remoteInfo = swiftUI_tut;
		};
		E73F94F42555663F005B0CC3 /* PBXContainerItemProxy */ = {
			isa = PBXContainerItemProxy;
			containerPortal = E73F94CF2555663E005B0CC3 /* Project object */;
			proxyType = 1;
			remoteGlobalIDString = E73F94D62555663E005B0CC3;
			remoteInfo = swiftUI_tut;
		};
/* End PBXContainerItemProxy section */

/* Begin PBXFileReference section */
		E73F94D72555663E005B0CC3 /* swiftUI_tut.app */ = {isa = PBXFileReference; explicitFileType = wrapper.application; includeInIndex = 0; path = swiftUI_tut.app; sourceTree = BUILT_PRODUCTS_DIR; };
		E73F94DA2555663E005B0CC3 /* swiftUI_tutApp.swift */ = {isa = PBXFileReference; lastKnownFileType = sourcecode.swift; path = swiftUI_tutApp.swift; sourceTree = "<group>"; };
		E73F94DC2555663E005B0CC3 /* ContentView.swift */ = {isa = PBXFileReference; lastKnownFileType = sourcecode.swift; path = ContentView.swift; sourceTree = "<group>"; };
		E73F94DE2555663F005B0CC3 /* Assets.xcassets */ = {isa = PBXFileReference; lastKnownFileType = folder.assetcatalog; path = Assets.xcassets; sourceTree = "<group>"; };
		E73F94E12555663F005B0CC3 /* Preview Assets.xcassets */ = {isa = PBXFileReference; lastKnownFileType = folder.assetcatalog; path = "Preview Assets.xcassets"; sourceTree = "<group>"; };
		E73F94E32555663F005B0CC3 /* Info.plist */ = {isa = PBXFileReference; lastKnownFileType = text.plist.xml; path = Info.plist; sourceTree = "<group>"; };
		E73F94E82555663F005B0CC3 /* swiftUI_tutTests.xctest */ = {isa = PBXFileReference; explicitFileType = wrapper.cfbundle; includeInIndex = 0; path = swiftUI_tutTests.xctest; sourceTree = BUILT_PRODUCTS_DIR; };
		E73F94EC2555663F005B0CC3 /* swiftUI_tutTests.swift */ = {isa = PBXFileReference; lastKnownFileType = sourcecode.swift; path = swiftUI_tutTests.swift; sourceTree = "<group>"; };
		E73F94EE2555663F005B0CC3 /* Info.plist */ = {isa = PBXFileReference; lastKnownFileType = text.plist.xml; path = Info.plist; sourceTree = "<group>"; };
		E73F94F32555663F005B0CC3 /* swiftUI_tutUITests.xctest */ = {isa = PBXFileReference; explicitFileType = wrapper.cfbundle; includeInIndex = 0; path = swiftUI_tutUITests.xctest; sourceTree = BUILT_PRODUCTS_DIR; };
		E73F94F72555663F005B0CC3 /* swiftUI_tutUITests.swift */ = {isa = PBXFileReference; lastKnownFileType = sourcecode.swift; path = swiftUI_tutUITests.swift; sourceTree = "<group>"; };
		E73F94F92555663F005B0CC3 /* Info.plist */ = {isa = PBXFileReference; lastKnownFileType = text.plist.xml; path = Info.plist; sourceTree = "<group>"; };
		E73F95082555CAAF005B0CC3 /* CircleImage.swift */ = {isa = PBXFileReference; lastKnownFileType = sourcecode.swift; path = CircleImage.swift; sourceTree = "<group>"; };
/* End PBXFileReference section */

/* Begin PBXFrameworksBuildPhase section */
		E73F94D42555663E005B0CC3 /* Frameworks */ = {
			isa = PBXFrameworksBuildPhase;
			buildActionMask = 2147483647;
			files = (
			);
			runOnlyForDeploymentPostprocessing = 0;
		};
		E73F94E52555663F005B0CC3 /* Frameworks */ = {
			isa = PBXFrameworksBuildPhase;
			buildActionMask = 2147483647;
			files = (
			);
			runOnlyForDeploymentPostprocessing = 0;
		};
		E73F94F02555663F005B0CC3 /* Frameworks */ = {
			isa = PBXFrameworksBuildPhase;
			buildActionMask = 2147483647;
			files = (
			);
			runOnlyForDeploymentPostprocessing = 0;
		};
/* End PBXFrameworksBuildPhase section */

/* Begin PBXGroup section */
		E73F94CE2555663E005B0CC3 = {
			isa = PBXGroup;
			children = (
				E73F94D92555663E005B0CC3 /* swiftUI_tut */,
				E73F94EB2555663F005B0CC3 /* swiftUI_tutTests */,
				E73F94F62555663F005B0CC3 /* swiftUI_tutUITests */,
				E73F94D82555663E005B0CC3 /* Products */,
			);
			sourceTree = "<group>";
		};
		E73F94D82555663E005B0CC3 /* Products */ = {
			isa = PBXGroup;
			children = (
				E73F94D72555663E005B0CC3 /* swiftUI_tut.app */,
				E73F94E82555663F005B0CC3 /* swiftUI_tutTests.xctest */,
				E73F94F32555663F005B0CC3 /* swiftUI_tutUITests.xctest */,
			);
			name = Products;
			sourceTree = "<group>";
		};
		E73F94D92555663E005B0CC3 /* swiftUI_tut */ = {
			isa = PBXGroup;
			children = (
				E73F94DA2555663E005B0CC3 /* swiftUI_tutApp.swift */,
				E73F94DC2555663E005B0CC3 /* ContentView.swift */,
				E73F95082555CAAF005B0CC3 /* CircleImage.swift */,
				E73F94DE2555663F005B0CC3 /* Assets.xcassets */,
				E73F94E32555663F005B0CC3 /* Info.plist */,
				E73F94E02555663F005B0CC3 /* Preview Content */,
			);
			path = swiftUI_tut;
			sourceTree = "<group>";
		};
		E73F94E02555663F005B0CC3 /* Preview Content */ = {
			isa = PBXGroup;
			children = (
				E73F94E12555663F005B0CC3 /* Preview Assets.xcassets */,
			);
			path = "Preview Content";
			sourceTree = "<group>";
		};
		E73F94EB2555663F005B0CC3 /* swiftUI_tutTests */ = {
			isa = PBXGroup;
			children = (
				E73F94EC2555663F005B0CC3 /* swiftUI_tutTests.swift */,
				E73F94EE2555663F005B0CC3 /* Info.plist */,
			);
			path = swiftUI_tutTests;
			sourceTree = "<group>";
		};
		E73F94F62555663F005B0CC3 /* swiftUI_tutUITests */ = {
			isa = PBXGroup;
			children = (
				E73F94F72555663F005B0CC3 /* swiftUI_tutUITests.swift */,
				E73F94F92555663F005B0CC3 /* Info.plist */,
			);
			path = swiftUI_tutUITests;
			sourceTree = "<group>";
		};
/* End PBXGroup section */

/* Begin PBXNativeTarget section */
		E73F94D62555663E005B0CC3 /* swiftUI_tut */ = {
			isa = PBXNativeTarget;
			buildConfigurationList = E73F94FC2555663F005B0CC3 /* Build configuration list for PBXNativeTarget "swiftUI_tut" */;
			buildPhases = (
				E73F94D32555663E005B0CC3 /* Sources */,
				E73F94D42555663E005B0CC3 /* Frameworks */,
				E73F94D52555663E005B0CC3 /* Resources */,
			);
			buildRules = (
			);
			dependencies = (
			);
			name = swiftUI_tut;
			productName = swiftUI_tut;
			productReference = E73F94D72555663E005B0CC3 /* swiftUI_tut.app */;
			productType = "com.apple.product-type.application";
		};
		E73F94E72555663F005B0CC3 /* swiftUI_tutTests */ = {
			isa = PBXNativeTarget;
			buildConfigurationList = E73F94FF2555663F005B0CC3 /* Build configuration list for PBXNativeTarget "swiftUI_tutTests" */;
			buildPhases = (
				E73F94E42555663F005B0CC3 /* Sources */,
				E73F94E52555663F005B0CC3 /* Frameworks */,
				E73F94E62555663F005B0CC3 /* Resources */,
			);
			buildRules = (
			);
			dependencies = (
				E73F94EA2555663F005B0CC3 /* PBXTargetDependency */,
			);
			name = swiftUI_tutTests;
			productName = swiftUI_tutTests;
			productReference = E73F94E82555663F005B0CC3 /* swiftUI_tutTests.xctest */;
			productType = "com.apple.product-type.bundle.unit-test";
		};
		E73F94F22555663F005B0CC3 /* swiftUI_tutUITests */ = {
			isa = PBXNativeTarget;
			buildConfigurationList = E73F95022555663F005B0CC3 /* Build configuration list for PBXNativeTarget "swiftUI_tutUITests" */;
			buildPhases = (
				E73F94EF2555663F005B0CC3 /* Sources */,
				E73F94F02555663F005B0CC3 /* Frameworks */,
				E73F94F12555663F005B0CC3 /* Resources */,
			);
			buildRules = (
			);
			dependencies = (
				E73F94F52555663F005B0CC3 /* PBXTargetDependency */,
			);
			name = swiftUI_tutUITests;
			productName = swiftUI_tutUITests;
			productReference = E73F94F32555663F005B0CC3 /* swiftUI_tutUITests.xctest */;
			productType = "com.apple.product-type.bundle.ui-testing";
		};
/* End PBXNativeTarget section */

/* Begin PBXProject section */
		E73F94CF2555663E005B0CC3 /* Project object */ = {
			isa = PBXProject;
			attributes = {
				LastSwiftUpdateCheck = 1210;
				LastUpgradeCheck = 1210;
				TargetAttributes = {
					E73F94D62555663E005B0CC3 = {
						CreatedOnToolsVersion = 12.1;
					};
					E73F94E72555663F005B0CC3 = {
						CreatedOnToolsVersion = 12.1;
						TestTargetID = E73F94D62555663E005B0CC3;
					};
					E73F94F22555663F005B0CC3 = {
						CreatedOnToolsVersion = 12.1;
						TestTargetID = E73F94D62555663E005B0CC3;
					};
				};
			};
			buildConfigurationList = E73F94D22555663E005B0CC3 /* Build configuration list for PBXProject "swiftUI_tut" */;
			compatibilityVersion = "Xcode 9.3";
			developmentRegion = en;
			hasScannedForEncodings = 0;
			knownRegions = (
				en,
				Base,
			);
			mainGroup = E73F94CE2555663E005B0CC3;
			productRefGroup = E73F94D82555663E005B0CC3 /* Products */;
			projectDirPath = "";
			projectRoot = "";
			targets = (
				E73F94D62555663E005B0CC3 /* swiftUI_tut */,
				E73F94E72555663F005B0CC3 /* swiftUI_tutTests */,
				E73F94F22555663F005B0CC3 /* swiftUI_tutUITests */,
			);
		};
/* End PBXProject section */

/* Begin PBXResourcesBuildPhase section */
		E73F94D52555663E005B0CC3 /* Resources */ = {
			isa = PBXResourcesBuildPhase;
			buildActionMask = 2147483647;
			files = (
				E73F94E22555663F005B0CC3 /* Preview Assets.xcassets in Resources */,
				E73F94DF2555663F005B0CC3 /* Assets.xcassets in Resources */,
			);
			runOnlyForDeploymentPostprocessing = 0;
		};
		E73F94E62555663F005B0CC3 /* Resources */ = {
			isa = PBXResourcesBuildPhase;
			buildActionMask = 2147483647;
			files = (
			);
			runOnlyForDeploymentPostprocessing = 0;
		};
		E73F94F12555663F005B0CC3 /* Resources */ = {
			isa = PBXResourcesBuildPhase;
			buildActionMask = 2147483647;
			files = (
			);
			runOnlyForDeploymentPostprocessing = 0;
		};
/* End PBXResourcesBuildPhase section */

/* Begin PBXSourcesBuildPhase section */
		E73F94D32555663E005B0CC3 /* Sources */ = {
			isa = PBXSourcesBuildPhase;
			buildActionMask = 2147483647;
			files = (
				E73F94DD2555663E005B0CC3 /* ContentView.swift in Sources */,
				E73F94DB2555663E005B0CC3 /* swiftUI_tutApp.swift in Sources */,
				E73F95092555CAAF005B0CC3 /* CircleImage.swift in Sources */,
			);
			runOnlyForDeploymentPostprocessing = 0;
		};
		E73F94E42555663F005B0CC3 /* Sources */ = {
			isa = PBXSourcesBuildPhase;
			buildActionMask = 2147483647;
			files = (
				E73F94ED2555663F005B0CC3 /* swiftUI_tutTests.swift in Sources */,
			);
			runOnlyForDeploymentPostprocessing = 0;
		};
		E73F94EF2555663F005B0CC3 /* Sources */ = {
			isa = PBXSourcesBuildPhase;
			buildActionMask = 2147483647;
			files = (
				E73F94F82555663F005B0CC3 /* swiftUI_tutUITests.swift in Sources */,
			);
			runOnlyForDeploymentPostprocessing = 0;
		};
/* End PBXSourcesBuildPhase section */

/* Begin PBXTargetDependency section */
		E73F94EA2555663F005B0CC3 /* PBXTargetDependency */ = {
			isa = PBXTargetDependency;
			target = E73F94D62555663E005B0CC3 /* swiftUI_tut */;
			targetProxy = E73F94E92555663F005B0CC3 /* PBXContainerItemProxy */;
		};
		E73F94F52555663F005B0CC3 /* PBXTargetDependency */ = {
			isa = PBXTargetDependency;
			target = E73F94D62555663E005B0CC3 /* swiftUI_tut */;
			targetProxy = E73F94F42555663F005B0CC3 /* PBXContainerItemProxy */;
		};
/* End PBXTargetDependency section */

/* Begin XCBuildConfiguration section */
		E73F94FA2555663F005B0CC3 /* Debug */ = {
			isa = XCBuildConfiguration;
			buildSettings = {
				ALWAYS_SEARCH_USER_PATHS = NO;
				CLANG_ANALYZER_NONNULL = YES;
				CLANG_ANALYZER_NUMBER_OBJECT_CONVERSION = YES_AGGRESSIVE;
				CLANG_CXX_LANGUAGE_STANDARD = "gnu++14";
				CLANG_CXX_LIBRARY = "libc++";
				CLANG_ENABLE_MODULES = YES;
				CLANG_ENABLE_OBJC_ARC = YES;
				CLANG_ENABLE_OBJC_WEAK = YES;
				CLANG_WARN_BLOCK_CAPTURE_AUTORELEASING = YES;
				CLANG_WARN_BOOL_CONVERSION = YES;
				CLANG_WARN_COMMA = YES;
				CLANG_WARN_CONSTANT_CONVERSION = YES;
				CLANG_WARN_DEPRECATED_OBJC_IMPLEMENTATIONS = YES;
				CLANG_WARN_DIRECT_OBJC_ISA_USAGE = YES_ERROR;
				CLANG_WARN_DOCUMENTATION_COMMENTS = YES;
				CLANG_WARN_EMPTY_BODY = YES;
				CLANG_WARN_ENUM_CONVERSION = YES;
				CLANG_WARN_INFINITE_RECURSION = YES;
				CLANG_WARN_INT_CONVERSION = YES;
				CLANG_WARN_NON_LITERAL_NULL_CONVERSION = YES;
				CLANG_WARN_OBJC_IMPLICIT_RETAIN_SELF = YES;
				CLANG_WARN_OBJC_LITERAL_CONVERSION = YES;
				CLANG_WARN_OBJC_ROOT_CLASS = YES_ERROR;
				CLANG_WARN_QUOTED_INCLUDE_IN_FRAMEWORK_HEADER = YES;
				CLANG_WARN_RANGE_LOOP_ANALYSIS = YES;
				CLANG_WARN_STRICT_PROTOTYPES = YES;
				CLANG_WARN_SUSPICIOUS_MOVE = YES;
				CLANG_WARN_UNGUARDED_AVAILABILITY = YES_AGGRESSIVE;
				CLANG_WARN_UNREACHABLE_CODE = YES;
				CLANG_WARN__DUPLICATE_METHOD_MATCH = YES;
				COPY_PHASE_STRIP = NO;
				DEBUG_INFORMATION_FORMAT = dwarf;
				ENABLE_STRICT_OBJC_MSGSEND = YES;
				ENABLE_TESTABILITY = YES;
				GCC_C_LANGUAGE_STANDARD = gnu11;
				GCC_DYNAMIC_NO_PIC = NO;
				GCC_NO_COMMON_BLOCKS = YES;
				GCC_OPTIMIZATION_LEVEL = 0;
				GCC_PREPROCESSOR_DEFINITIONS = (
					"DEBUG=1",
					"$(inherited)",
				);
				GCC_WARN_64_TO_32_BIT_CONVERSION = YES;
				GCC_WARN_ABOUT_RETURN_TYPE = YES_ERROR;
				GCC_WARN_UNDECLARED_SELECTOR = YES;
				GCC_WARN_UNINITIALIZED_AUTOS = YES_AGGRESSIVE;
				GCC_WARN_UNUSED_FUNCTION = YES;
				GCC_WARN_UNUSED_VARIABLE = YES;
				IPHONEOS_DEPLOYMENT_TARGET = 14.1;
				MTL_ENABLE_DEBUG_INFO = INCLUDE_SOURCE;
				MTL_FAST_MATH = YES;
				ONLY_ACTIVE_ARCH = YES;
				SDKROOT = iphoneos;
				SWIFT_ACTIVE_COMPILATION_CONDITIONS = DEBUG;
				SWIFT_OPTIMIZATION_LEVEL = "-Onone";
			};
			name = Debug;
		};
		E73F94FB2555663F005B0CC3 /* Release */ = {
			isa = XCBuildConfiguration;
			buildSettings = {
				ALWAYS_SEARCH_USER_PATHS = NO;
				CLANG_ANALYZER_NONNULL = YES;
				CLANG_ANALYZER_NUMBER_OBJECT_CONVERSION = YES_AGGRESSIVE;
				CLANG_CXX_LANGUAGE_STANDARD = "gnu++14";
				CLANG_CXX_LIBRARY = "libc++";
				CLANG_ENABLE_MODULES = YES;
				CLANG_ENABLE_OBJC_ARC = YES;
				CLANG_ENABLE_OBJC_WEAK = YES;
				CLANG_WARN_BLOCK_CAPTURE_AUTORELEASING = YES;
				CLANG_WARN_BOOL_CONVERSION = YES;
				CLANG_WARN_COMMA = YES;
				CLANG_WARN_CONSTANT_CONVERSION = YES;
				CLANG_WARN_DEPRECATED_OBJC_IMPLEMENTATIONS = YES;
				CLANG_WARN_DIRECT_OBJC_ISA_USAGE = YES_ERROR;
				CLANG_WARN_DOCUMENTATION_COMMENTS = YES;
				CLANG_WARN_EMPTY_BODY = YES;
				CLANG_WARN_ENUM_CONVERSION = YES;
				CLANG_WARN_INFINITE_RECURSION = YES;
				CLANG_WARN_INT_CONVERSION = YES;
				CLANG_WARN_NON_LITERAL_NULL_CONVERSION = YES;
				CLANG_WARN_OBJC_IMPLICIT_RETAIN_SELF = YES;
				CLANG_WARN_OBJC_LITERAL_CONVERSION = YES;
				CLANG_WARN_OBJC_ROOT_CLASS = YES_ERROR;
				CLANG_WARN_QUOTED_INCLUDE_IN_FRAMEWORK_HEADER = YES;
				CLANG_WARN_RANGE_LOOP_ANALYSIS = YES;
				CLANG_WARN_STRICT_PROTOTYPES = YES;
				CLANG_WARN_SUSPICIOUS_MOVE = YES;
				CLANG_WARN_UNGUARDED_AVAILABILITY = YES_AGGRESSIVE;
				CLANG_WARN_UNREACHABLE_CODE = YES;
				CLANG_WARN__DUPLICATE_METHOD_MATCH = YES;
				COPY_PHASE_STRIP = NO;
				DEBUG_INFORMATION_FORMAT = "dwarf-with-dsym";
				ENABLE_NS_ASSERTIONS = NO;
				ENABLE_STRICT_OBJC_MSGSEND = YES;
				GCC_C_LANGUAGE_STANDARD = gnu11;
				GCC_NO_COMMON_BLOCKS = YES;
				GCC_WARN_64_TO_32_BIT_CONVERSION = YES;
				GCC_WARN_ABOUT_RETURN_TYPE = YES_ERROR;
				GCC_WARN_UNDECLARED_SELECTOR = YES;
				GCC_WARN_UNINITIALIZED_AUTOS = YES_AGGRESSIVE;
				GCC_WARN_UNUSED_FUNCTION = YES;
				GCC_WARN_UNUSED_VARIABLE = YES;
				IPHONEOS_DEPLOYMENT_TARGET = 14.1;
				MTL_ENABLE_DEBUG_INFO = NO;
				MTL_FAST_MATH = YES;
				SDKROOT = iphoneos;
				SWIFT_COMPILATION_MODE = wholemodule;
				SWIFT_OPTIMIZATION_LEVEL = "-O";
				VALIDATE_PRODUCT = YES;
			};
			name = Release;
		};
		E73F94FD2555663F005B0CC3 /* Debug */ = {
			isa = XCBuildConfiguration;
			buildSettings = {
				ASSETCATALOG_COMPILER_APPICON_NAME = AppIcon;
				ASSETCATALOG_COMPILER_GLOBAL_ACCENT_COLOR_NAME = AccentColor;
				CODE_SIGN_STYLE = Automatic;
				DEVELOPMENT_ASSET_PATHS = "\"swiftUI_tut/Preview Content\"";
				DEVELOPMENT_TEAM = TRCRT55RTY;
				ENABLE_PREVIEWS = YES;
				INFOPLIST_FILE = swiftUI_tut/Info.plist;
				IPHONEOS_DEPLOYMENT_TARGET = 14.0;
				LD_RUNPATH_SEARCH_PATHS = (
					"$(inherited)",
					"@executable_path/Frameworks",
				);
				PRODUCT_BUNDLE_IDENTIFIER = "com.one1color.swiftUI-tut";
				PRODUCT_NAME = "$(TARGET_NAME)";
				SWIFT_VERSION = 5.0;
				TARGETED_DEVICE_FAMILY = "1,2";
			};
			name = Debug;
		};
		E73F94FE2555663F005B0CC3 /* Release */ = {
			isa = XCBuildConfiguration;
			buildSettings = {
				ASSETCATALOG_COMPILER_APPICON_NAME = AppIcon;
				ASSETCATALOG_COMPILER_GLOBAL_ACCENT_COLOR_NAME = AccentColor;
				CODE_SIGN_STYLE = Automatic;
				DEVELOPMENT_ASSET_PATHS = "\"swiftUI_tut/Preview Content\"";
				DEVELOPMENT_TEAM = TRCRT55RTY;
				ENABLE_PREVIEWS = YES;
				INFOPLIST_FILE = swiftUI_tut/Info.plist;
				IPHONEOS_DEPLOYMENT_TARGET = 14.0;
				LD_RUNPATH_SEARCH_PATHS = (
					"$(inherited)",
					"@executable_path/Frameworks",
				);
				PRODUCT_BUNDLE_IDENTIFIER = "com.one1color.swiftUI-tut";
				PRODUCT_NAME = "$(TARGET_NAME)";
				SWIFT_VERSION = 5.0;
				TARGETED_DEVICE_FAMILY = "1,2";
			};
			name = Release;
		};
		E73F95002555663F005B0CC3 /* Debug */ = {
			isa = XCBuildConfiguration;
			buildSettings = {
				ALWAYS_EMBED_SWIFT_STANDARD_LIBRARIES = YES;
				BUNDLE_LOADER = "$(TEST_HOST)";
				CODE_SIGN_STYLE = Automatic;
				DEVELOPMENT_TEAM = TRCRT55RTY;
				INFOPLIST_FILE = swiftUI_tutTests/Info.plist;
				IPHONEOS_DEPLOYMENT_TARGET = 14.0;
				LD_RUNPATH_SEARCH_PATHS = (
					"$(inherited)",
					"@executable_path/Frameworks",
					"@loader_path/Frameworks",
				);
				PRODUCT_BUNDLE_IDENTIFIER = "com.one1color.swiftUI-tutTests";
				PRODUCT_NAME = "$(TARGET_NAME)";
				SWIFT_VERSION = 5.0;
				TARGETED_DEVICE_FAMILY = "1,2";
				TEST_HOST = "$(BUILT_PRODUCTS_DIR)/swiftUI_tut.app/swiftUI_tut";
			};
			name = Debug;
		};
		E73F95012555663F005B0CC3 /* Release */ = {
			isa = XCBuildConfiguration;
			buildSettings = {
				ALWAYS_EMBED_SWIFT_STANDARD_LIBRARIES = YES;
				BUNDLE_LOADER = "$(TEST_HOST)";
				CODE_SIGN_STYLE = Automatic;
				DEVELOPMENT_TEAM = TRCRT55RTY;
				INFOPLIST_FILE = swiftUI_tutTests/Info.plist;
				IPHONEOS_DEPLOYMENT_TARGET = 14.0;
				LD_RUNPATH_SEARCH_PATHS = (
					"$(inherited)",
					"@executable_path/Frameworks",
					"@loader_path/Frameworks",
				);
				PRODUCT_BUNDLE_IDENTIFIER = "com.one1color.swiftUI-tutTests";
				PRODUCT_NAME = "$(TARGET_NAME)";
				SWIFT_VERSION = 5.0;
				TARGETED_DEVICE_FAMILY = "1,2";
				TEST_HOST = "$(BUILT_PRODUCTS_DIR)/swiftUI_tut.app/swiftUI_tut";
			};
			name = Release;
		};
		E73F95032555663F005B0CC3 /* Debug */ = {
			isa = XCBuildConfiguration;
			buildSettings = {
				ALWAYS_EMBED_SWIFT_STANDARD_LIBRARIES = YES;
				CODE_SIGN_STYLE = Automatic;
				DEVELOPMENT_TEAM = TRCRT55RTY;
				INFOPLIST_FILE = swiftUI_tutUITests/Info.plist;
				LD_RUNPATH_SEARCH_PATHS = (
					"$(inherited)",
					"@executable_path/Frameworks",
					"@loader_path/Frameworks",
				);
				PRODUCT_BUNDLE_IDENTIFIER = "com.one1color.swiftUI-tutUITests";
				PRODUCT_NAME = "$(TARGET_NAME)";
				SWIFT_VERSION = 5.0;
				TARGETED_DEVICE_FAMILY = "1,2";
				TEST_TARGET_NAME = swiftUI_tut;
			};
			name = Debug;
		};
		E73F95042555663F005B0CC3 /* Release */ = {
			isa = XCBuildConfiguration;
			buildSettings = {
				ALWAYS_EMBED_SWIFT_STANDARD_LIBRARIES = YES;
				CODE_SIGN_STYLE = Automatic;
				DEVELOPMENT_TEAM = TRCRT55RTY;
				INFOPLIST_FILE = swiftUI_tutUITests/Info.plist;
				LD_RUNPATH_SEARCH_PATHS = (
					"$(inherited)",
					"@executable_path/Frameworks",
					"@loader_path/Frameworks",
				);
				PRODUCT_BUNDLE_IDENTIFIER = "com.one1color.swiftUI-tutUITests";
				PRODUCT_NAME = "$(TARGET_NAME)";
				SWIFT_VERSION = 5.0;
				TARGETED_DEVICE_FAMILY = "1,2";
				TEST_TARGET_NAME = swiftUI_tut;
			};
			name = Release;
		};
/* End XCBuildConfiguration section */

/* Begin XCConfigurationList section */
		E73F94D22555663E005B0CC3 /* Build configuration list for PBXProject "swiftUI_tut" */ = {
			isa = XCConfigurationList;
			buildConfigurations = (
				E73F94FA2555663F005B0CC3 /* Debug */,
				E73F94FB2555663F005B0CC3 /* Release */,
			);
			defaultConfigurationIsVisible = 0;
			defaultConfigurationName = Release;
		};
		E73F94FC2555663F005B0CC3 /* Build configuration list for PBXNativeTarget "swiftUI_tut" */ = {
			isa = XCConfigurationList;
			buildConfigurations = (
				E73F94FD2555663F005B0CC3 /* Debug */,
				E73F94FE2555663F005B0CC3 /* Release */,
			);
			defaultConfigurationIsVisible = 0;
			defaultConfigurationName = Release;
		};
		E73F94FF2555663F005B0CC3 /* Build configuration list for PBXNativeTarget "swiftUI_tutTests" */ = {
			isa = XCConfigurationList;
			buildConfigurations = (
				E73F95002555663F005B0CC3 /* Debug */,
				E73F95012555663F005B0CC3 /* Release */,
			);
			defaultConfigurationIsVisible = 0;
			defaultConfigurationName = Release;
		};
		E73F95022555663F005B0CC3 /* Build configuration list for PBXNativeTarget "swiftUI_tutUITests" */ = {
			isa = XCConfigurationList;
			buildConfigurations = (
				E73F95032555663F005B0CC3 /* Debug */,
				E73F95042555663F005B0CC3 /* Release */,
			);
			defaultConfigurationIsVisible = 0;
			defaultConfigurationName = Release;
		};
/* End XCConfigurationList section */
	};
	rootObject = E73F94CF2555663E005B0CC3 /* Project object */;
}
